
Microsoft Visual Studio Solution File, Format Version 12.00
# Visual Studio Version 17
VisualStudioVersion = 17.9.34622.214
MinimumVisualStudioVersion = 10.0.40219.1
Project("{FAE04EC0-301F-11D3-BF4B-00C04F79EFBC}") = "GetRandomPixivPic", "GetRandomPixivPic.csproj", "{52F99935-939D-469C-99FC-F90B6A1C5AC9}"
EndProject
Global
	GlobalSection(SolutionConfigurationPlatforms) = preSolution
		Debug|Any CPU = Debug|Any CPU
		Release|Any CPU = Release|Any CPU
	EndGlobalSection
	GlobalSection(ProjectConfigurationPlatforms) = postSolution
		{52F99935-939D-469C-99FC-F90B6A1C5AC9}.Debug|Any CPU.ActiveCfg = Debug|Any CPU
		{52F99935-939D-469C-99FC-F90B6A1C5AC9}.Debug|Any CPU.Build.0 = Debug|Any CPU
		{52F99935-939D-469C-99FC-F90B6A1C5AC9}.Release|Any CPU.ActiveCfg = Release|Any CPU
		{52F99935-939D-469C-99FC-F90B6A1C5AC9}.Release|Any CPU.Build.0 = Release|Any CPU
	EndGlobalSection
	GlobalSection(SolutionProperties) = preSolution
		HideSolutionNode = FALSE
	EndGlobalSection
	GlobalSection(ExtensibilityGlobals) = postSolution
		SolutionGuid = {C3CAC5FB-31E2-40BD-9FAF-6666CC169B84}
	EndGlobalSection
EndGlobal
